
Microsoft Visual Studio Solution File, Format Version 12.00
# Visual Studio Version 17
VisualStudioVersion = 17.9.34728.123
MinimumVisualStudioVersion = 10.0.40219.1
Project("{9A19103F-16F7-4668-BE54-9A1E7A4F7556}") = "Basic", "Basic.csproj", "{B18F6B58-0408-412E-ACDE-AC9769C53C42}"
EndProject
Global
	GlobalSection(SolutionConfigurationPlatforms) = preSolution
		Debug|Any CPU = Debug|Any CPU
		Release|Any CPU = Release|Any CPU
	EndGlobalSection
	GlobalSection(ProjectConfigurationPlatforms) = postSolution
		{B18F6B58-0408-412E-ACDE-AC9769C53C42}.Debug|Any CPU.ActiveCfg = Debug|Any CPU
		{B18F6B58-0408-412E-ACDE-AC9769C53C42}.Debug|Any CPU.Build.0 = Debug|Any CPU
		{B18F6B58-0408-412E-ACDE-AC9769C53C42}.Release|Any CPU.ActiveCfg = Release|Any CPU
		{B18F6B58-0408-412E-ACDE-AC9769C53C42}.Release|Any CPU.Build.0 = Release|Any CPU
	EndGlobalSection
	GlobalSection(SolutionProperties) = preSolution
		HideSolutionNode = FALSE
	EndGlobalSection
	GlobalSection(ExtensibilityGlobals) = postSolution
		SolutionGuid = {FCC7A630-77C3-4847-8F00-5AFD11CB67A4}
	EndGlobalSection
EndGlobal
